// !$*UTF8*$!
{
	archiveVersion = 1;
	classes = {
	};
	objectVersion = 55;
	objects = {

/* Begin PBXBuildFile section */
		342706C72764581D00C2EAC4 /* DetailViewController.swift in Sources */ = {isa = PBXBuildFile; fileRef = 342706C62764581D00C2EAC4 /* DetailViewController.swift */; };
		342706CF2764816900C2EAC4 /* ProductNameLabel.swift in Sources */ = {isa = PBXBuildFile; fileRef = 342706CE2764816900C2EAC4 /* ProductNameLabel.swift */; };
		342706D1276481D800C2EAC4 /* ProductPriceLabel.swift in Sources */ = {isa = PBXBuildFile; fileRef = 342706D0276481D800C2EAC4 /* ProductPriceLabel.swift */; };
		342706D3276481EC00C2EAC4 /* ProductSalePriceLabel.swift in Sources */ = {isa = PBXBuildFile; fileRef = 342706D2276481EC00C2EAC4 /* ProductSalePriceLabel.swift */; };
		342706D52764820900C2EAC4 /* ProductCountLabel.swift in Sources */ = {isa = PBXBuildFile; fileRef = 342706D42764820900C2EAC4 /* ProductCountLabel.swift */; };
		3DD69B9427642DD900F053E0 /* AppDelegate.swift in Sources */ = {isa = PBXBuildFile; fileRef = 3DD69B9327642DD900F053E0 /* AppDelegate.swift */; };
		3DD69B9627642DD900F053E0 /* SceneDelegate.swift in Sources */ = {isa = PBXBuildFile; fileRef = 3DD69B9527642DD900F053E0 /* SceneDelegate.swift */; };
		3DD69B9827642DD900F053E0 /* MainViewController.swift in Sources */ = {isa = PBXBuildFile; fileRef = 3DD69B9727642DD900F053E0 /* MainViewController.swift */; };
		3DD69B9D27642DDA00F053E0 /* Assets.xcassets in Resources */ = {isa = PBXBuildFile; fileRef = 3DD69B9C27642DDA00F053E0 /* Assets.xcassets */; };
		3DD69BA027642DDA00F053E0 /* LaunchScreen.storyboard in Resources */ = {isa = PBXBuildFile; fileRef = 3DD69B9E27642DDA00F053E0 /* LaunchScreen.storyboard */; };
		3DD69BDC27643E9100F053E0 /* SnapKit in Frameworks */ = {isa = PBXBuildFile; productRef = 3DD69BDB27643E9100F053E0 /* SnapKit */; };
		3DD69BDF27643F0900F053E0 /* Alamofire in Frameworks */ = {isa = PBXBuildFile; productRef = 3DD69BDE27643F0900F053E0 /* Alamofire */; };
		DE23F271277130AA00AD2249 /* ProductPriceView.swift in Sources */ = {isa = PBXBuildFile; fileRef = DE23F270277130AA00AD2249 /* ProductPriceView.swift */; };
		DE4B8CED2778A0EA007454FC /* UILabel+.swift in Sources */ = {isa = PBXBuildFile; fileRef = DE4B8CEC2778A0EA007454FC /* UILabel+.swift */; };
		DE4B8CF02778C9A4007454FC /* ProductImageCollectionViewCell.swift in Sources */ = {isa = PBXBuildFile; fileRef = DE4B8CEF2778C9A4007454FC /* ProductImageCollectionViewCell.swift */; };
		DE4B8CF227792C2A007454FC /* UIStackView+.swift in Sources */ = {isa = PBXBuildFile; fileRef = DE4B8CF127792C2A007454FC /* UIStackView+.swift */; };
		DE9809A1277E789D0084E39A /* ProductImagePageView.swift in Sources */ = {isa = PBXBuildFile; fileRef = DE9809A0277E789D0084E39A /* ProductImagePageView.swift */; };
		DE9809E7278227B50084E39A /* ProductInfoView.swift in Sources */ = {isa = PBXBuildFile; fileRef = DE9809E6278227B50084E39A /* ProductInfoView.swift */; };
		DE9809E927823D4B0084E39A /* ProductEditViewController.swift in Sources */ = {isa = PBXBuildFile; fileRef = DE9809E827823D4B0084E39A /* ProductEditViewController.swift */; };
		DE9809ED27823EC50084E39A /* AddProductImageCollectionViewController.swift in Sources */ = {isa = PBXBuildFile; fileRef = DE9809EC27823EC50084E39A /* AddProductImageCollectionViewController.swift */; };
		DE9A7F6F2788EA4200C8362D /* PixelLineView.swift in Sources */ = {isa = PBXBuildFile; fileRef = DE9A7F6E2788EA4200C8362D /* PixelLineView.swift */; };
		DE9A7F71278AA97C00C8362D /* ProductPriceEditView.swift in Sources */ = {isa = PBXBuildFile; fileRef = DE9A7F70278AA97C00C8362D /* ProductPriceEditView.swift */; };
		DE9A7F93278BA6AD00C8362D /* DiscountButton.swift in Sources */ = {isa = PBXBuildFile; fileRef = DE9A7F92278BA6AD00C8362D /* DiscountButton.swift */; };
		DE9A7FF3279BBD3D00C8362D /* AddImageCell.swift in Sources */ = {isa = PBXBuildFile; fileRef = DE9A7FF2279BBD3D00C8362D /* AddImageCell.swift */; };
/* End PBXBuildFile section */

/* Begin PBXFileReference section */
		342706C62764581D00C2EAC4 /* DetailViewController.swift */ = {isa = PBXFileReference; lastKnownFileType = sourcecode.swift; path = DetailViewController.swift; sourceTree = "<group>"; };
		342706CE2764816900C2EAC4 /* ProductNameLabel.swift */ = {isa = PBXFileReference; lastKnownFileType = sourcecode.swift; path = ProductNameLabel.swift; sourceTree = "<group>"; };
		342706D0276481D800C2EAC4 /* ProductPriceLabel.swift */ = {isa = PBXFileReference; lastKnownFileType = sourcecode.swift; path = ProductPriceLabel.swift; sourceTree = "<group>"; };
		342706D2276481EC00C2EAC4 /* ProductSalePriceLabel.swift */ = {isa = PBXFileReference; lastKnownFileType = sourcecode.swift; path = ProductSalePriceLabel.swift; sourceTree = "<group>"; };
		342706D42764820900C2EAC4 /* ProductCountLabel.swift */ = {isa = PBXFileReference; lastKnownFileType = sourcecode.swift; path = ProductCountLabel.swift; sourceTree = "<group>"; };
		3DD69B9027642DD900F053E0 /* O-G-Market.app */ = {isa = PBXFileReference; explicitFileType = wrapper.application; includeInIndex = 0; path = "O-G-Market.app"; sourceTree = BUILT_PRODUCTS_DIR; };
		3DD69B9327642DD900F053E0 /* AppDelegate.swift */ = {isa = PBXFileReference; lastKnownFileType = sourcecode.swift; path = AppDelegate.swift; sourceTree = "<group>"; };
		3DD69B9527642DD900F053E0 /* SceneDelegate.swift */ = {isa = PBXFileReference; lastKnownFileType = sourcecode.swift; path = SceneDelegate.swift; sourceTree = "<group>"; };
		3DD69B9727642DD900F053E0 /* MainViewController.swift */ = {isa = PBXFileReference; lastKnownFileType = sourcecode.swift; path = MainViewController.swift; sourceTree = "<group>"; };
		3DD69B9C27642DDA00F053E0 /* Assets.xcassets */ = {isa = PBXFileReference; lastKnownFileType = folder.assetcatalog; path = Assets.xcassets; sourceTree = "<group>"; };
		3DD69B9F27642DDA00F053E0 /* Base */ = {isa = PBXFileReference; lastKnownFileType = file.storyboard; name = Base; path = Base.lproj/LaunchScreen.storyboard; sourceTree = "<group>"; };
		3DD69BA127642DDA00F053E0 /* Info.plist */ = {isa = PBXFileReference; lastKnownFileType = text.plist.xml; path = Info.plist; sourceTree = "<group>"; };
		3DD69BA827642EEB00F053E0 /* .swiftlint.yml */ = {isa = PBXFileReference; lastKnownFileType = text.yaml; path = .swiftlint.yml; sourceTree = "<group>"; };
		DE23F270277130AA00AD2249 /* ProductPriceView.swift */ = {isa = PBXFileReference; lastKnownFileType = sourcecode.swift; path = ProductPriceView.swift; sourceTree = "<group>"; };
		DE4B8CEC2778A0EA007454FC /* UILabel+.swift */ = {isa = PBXFileReference; lastKnownFileType = sourcecode.swift; path = "UILabel+.swift"; sourceTree = "<group>"; };
		DE4B8CEF2778C9A4007454FC /* ProductImageCollectionViewCell.swift */ = {isa = PBXFileReference; lastKnownFileType = sourcecode.swift; path = ProductImageCollectionViewCell.swift; sourceTree = "<group>"; };
		DE4B8CF127792C2A007454FC /* UIStackView+.swift */ = {isa = PBXFileReference; lastKnownFileType = sourcecode.swift; path = "UIStackView+.swift"; sourceTree = "<group>"; };
		DE9809A0277E789D0084E39A /* ProductImagePageView.swift */ = {isa = PBXFileReference; lastKnownFileType = sourcecode.swift; path = ProductImagePageView.swift; sourceTree = "<group>"; };
		DE9809E6278227B50084E39A /* ProductInfoView.swift */ = {isa = PBXFileReference; lastKnownFileType = sourcecode.swift; path = ProductInfoView.swift; sourceTree = "<group>"; };
		DE9809E827823D4B0084E39A /* ProductEditViewController.swift */ = {isa = PBXFileReference; lastKnownFileType = sourcecode.swift; path = ProductEditViewController.swift; sourceTree = "<group>"; };
		DE9809EC27823EC50084E39A /* AddProductImageCollectionViewController.swift */ = {isa = PBXFileReference; lastKnownFileType = sourcecode.swift; path = AddProductImageCollectionViewController.swift; sourceTree = "<group>"; };
		DE9A7F6E2788EA4200C8362D /* PixelLineView.swift */ = {isa = PBXFileReference; lastKnownFileType = sourcecode.swift; path = PixelLineView.swift; sourceTree = "<group>"; };
		DE9A7F70278AA97C00C8362D /* ProductPriceEditView.swift */ = {isa = PBXFileReference; lastKnownFileType = sourcecode.swift; path = ProductPriceEditView.swift; sourceTree = "<group>"; };
		DE9A7F92278BA6AD00C8362D /* DiscountButton.swift */ = {isa = PBXFileReference; lastKnownFileType = sourcecode.swift; path = DiscountButton.swift; sourceTree = "<group>"; };
		DE9A7FF2279BBD3D00C8362D /* AddImageCell.swift */ = {isa = PBXFileReference; lastKnownFileType = sourcecode.swift; path = AddImageCell.swift; sourceTree = "<group>"; };
/* End PBXFileReference section */

/* Begin PBXFrameworksBuildPhase section */
		3DD69B8D27642DD900F053E0 /* Frameworks */ = {
			isa = PBXFrameworksBuildPhase;
			buildActionMask = 2147483647;
			files = (
				3DD69BDC27643E9100F053E0 /* SnapKit in Frameworks */,
				3DD69BDF27643F0900F053E0 /* Alamofire in Frameworks */,
			);
			runOnlyForDeploymentPostprocessing = 0;
		};
/* End PBXFrameworksBuildPhase section */

/* Begin PBXGroup section */
		342706D62764823300C2EAC4 /* DetailViewController */ = {
			isa = PBXGroup;
			children = (
				342706D92764826800C2EAC4 /* View */,
				342706C62764581D00C2EAC4 /* DetailViewController.swift */,
			);
			path = DetailViewController;
			sourceTree = "<group>";
		};
		342706D72764823F00C2EAC4 /* MainViewController */ = {
			isa = PBXGroup;
			children = (
				342706D82764826000C2EAC4 /* View */,
				3DD69B9727642DD900F053E0 /* MainViewController.swift */,
			);
			path = MainViewController;
			sourceTree = "<group>";
		};
		342706D82764826000C2EAC4 /* View */ = {
			isa = PBXGroup;
			children = (
			);
			path = View;
			sourceTree = "<group>";
		};
		342706D92764826800C2EAC4 /* View */ = {
			isa = PBXGroup;
			children = (
				DE4B8CEF2778C9A4007454FC /* ProductImageCollectionViewCell.swift */,
				DE23F270277130AA00AD2249 /* ProductPriceView.swift */,
				DE9809A0277E789D0084E39A /* ProductImagePageView.swift */,
				DE9809E6278227B50084E39A /* ProductInfoView.swift */,
			);
			path = View;
			sourceTree = "<group>";
		};
		3DD69B8727642DD900F053E0 = {
			isa = PBXGroup;
			children = (
				3DD69BA827642EEB00F053E0 /* .swiftlint.yml */,
				3DD69B9227642DD900F053E0 /* O-G-Market */,
				3DD69B9127642DD900F053E0 /* Products */,
			);
			sourceTree = "<group>";
		};
		3DD69B9127642DD900F053E0 /* Products */ = {
			isa = PBXGroup;
			children = (
				3DD69B9027642DD900F053E0 /* O-G-Market.app */,
			);
			name = Products;
			sourceTree = "<group>";
		};
		3DD69B9227642DD900F053E0 /* O-G-Market */ = {
			isa = PBXGroup;
			children = (
				3DD69BD827643C4C00F053E0 /* Models */,
				3DD69BD927643C5500F053E0 /* ViewControllers */,
				DE4B8CEE2778A0ED007454FC /* Extension */,
				3DD69BD527643B6600F053E0 /* SupportingFiles */,
				3DD69B9C27642DDA00F053E0 /* Assets.xcassets */,
			);
			path = "O-G-Market";
			sourceTree = "<group>";
		};
		3DD69BD527643B6600F053E0 /* SupportingFiles */ = {
			isa = PBXGroup;
			children = (
				3DD69B9327642DD900F053E0 /* AppDelegate.swift */,
				3DD69B9527642DD900F053E0 /* SceneDelegate.swift */,
				3DD69BA127642DDA00F053E0 /* Info.plist */,
			);
			path = SupportingFiles;
			sourceTree = "<group>";
		};
		3DD69BD627643C3A00F053E0 /* Views */ = {
			isa = PBXGroup;
			children = (
				3DD69B9E27642DDA00F053E0 /* LaunchScreen.storyboard */,
				342706CE2764816900C2EAC4 /* ProductNameLabel.swift */,
				342706D0276481D800C2EAC4 /* ProductPriceLabel.swift */,
				342706D2276481EC00C2EAC4 /* ProductSalePriceLabel.swift */,
				342706D42764820900C2EAC4 /* ProductCountLabel.swift */,
			);
			path = Views;
			sourceTree = "<group>";
		};
		3DD69BD827643C4C00F053E0 /* Models */ = {
			isa = PBXGroup;
			children = (
			);
			path = Models;
			sourceTree = "<group>";
		};
		3DD69BD927643C5500F053E0 /* ViewControllers */ = {
			isa = PBXGroup;
			children = (
				3DD69BD627643C3A00F053E0 /* Views */,
				342706D72764823F00C2EAC4 /* MainViewController */,
				342706D62764823300C2EAC4 /* DetailViewController */,
				DE9809EA27823D510084E39A /* ProductEditViewController */,
			);
			path = ViewControllers;
			sourceTree = "<group>";
		};
		DE4B8CEE2778A0ED007454FC /* Extension */ = {
			isa = PBXGroup;
			children = (
				DE4B8CEC2778A0EA007454FC /* UILabel+.swift */,
				DE4B8CF127792C2A007454FC /* UIStackView+.swift */,
			);
			path = Extension;
			sourceTree = "<group>";
		};
		DE9809EA27823D510084E39A /* ProductEditViewController */ = {
			isa = PBXGroup;
			children = (
				DE9809EB27823E560084E39A /* View */,
				DE9809E827823D4B0084E39A /* ProductEditViewController.swift */,
				DE9809EC27823EC50084E39A /* AddProductImageCollectionViewController.swift */,
			);
			path = ProductEditViewController;
			sourceTree = "<group>";
		};
		DE9809EB27823E560084E39A /* View */ = {
			isa = PBXGroup;
			children = (
				DE9A7F6E2788EA4200C8362D /* PixelLineView.swift */,
				DE9A7FF2279BBD3D00C8362D /* AddImageCell.swift */,
				DE9A7F70278AA97C00C8362D /* ProductPriceEditView.swift */,
				DE9A7F92278BA6AD00C8362D /* DiscountButton.swift */,
			);
			path = View;
			sourceTree = "<group>";
		};
/* End PBXGroup section */

/* Begin PBXNativeTarget section */
		3DD69B8F27642DD900F053E0 /* O-G-Market */ = {
			isa = PBXNativeTarget;
			buildConfigurationList = 3DD69BA427642DDA00F053E0 /* Build configuration list for PBXNativeTarget "O-G-Market" */;
			buildPhases = (
				3DD69B8C27642DD900F053E0 /* Sources */,
				3DD69BA727642E9100F053E0 /* ShellScript */,
				3DD69B8D27642DD900F053E0 /* Frameworks */,
				3DD69B8E27642DD900F053E0 /* Resources */,
			);
			buildRules = (
			);
			dependencies = (
			);
			name = "O-G-Market";
			packageProductDependencies = (
				3DD69BDB27643E9100F053E0 /* SnapKit */,
				3DD69BDE27643F0900F053E0 /* Alamofire */,
			);
			productName = "O-G-Market";
			productReference = 3DD69B9027642DD900F053E0 /* O-G-Market.app */;
			productType = "com.apple.product-type.application";
		};
/* End PBXNativeTarget section */

/* Begin PBXProject section */
		3DD69B8827642DD900F053E0 /* Project object */ = {
			isa = PBXProject;
			attributes = {
				BuildIndependentTargetsInParallel = 1;
				LastSwiftUpdateCheck = 1310;
				LastUpgradeCheck = 1310;
				TargetAttributes = {
					3DD69B8F27642DD900F053E0 = {
						CreatedOnToolsVersion = 13.1;
					};
				};
			};
			buildConfigurationList = 3DD69B8B27642DD900F053E0 /* Build configuration list for PBXProject "O-G-Market" */;
			compatibilityVersion = "Xcode 13.0";
			developmentRegion = en;
			hasScannedForEncodings = 0;
			knownRegions = (
				en,
				Base,
			);
			mainGroup = 3DD69B8727642DD900F053E0;
			packageReferences = (
				3DD69BDA27643E9100F053E0 /* XCRemoteSwiftPackageReference "SnapKit" */,
				3DD69BDD27643F0900F053E0 /* XCRemoteSwiftPackageReference "Alamofire" */,
			);
			productRefGroup = 3DD69B9127642DD900F053E0 /* Products */;
			projectDirPath = "";
			projectRoot = "";
			targets = (
				3DD69B8F27642DD900F053E0 /* O-G-Market */,
			);
		};
/* End PBXProject section */

/* Begin PBXResourcesBuildPhase section */
		3DD69B8E27642DD900F053E0 /* Resources */ = {
			isa = PBXResourcesBuildPhase;
			buildActionMask = 2147483647;
			files = (
				3DD69BA027642DDA00F053E0 /* LaunchScreen.storyboard in Resources */,
				3DD69B9D27642DDA00F053E0 /* Assets.xcassets in Resources */,
			);
			runOnlyForDeploymentPostprocessing = 0;
		};
/* End PBXResourcesBuildPhase section */

/* Begin PBXShellScriptBuildPhase section */
		3DD69BA727642E9100F053E0 /* ShellScript */ = {
			isa = PBXShellScriptBuildPhase;
			buildActionMask = 2147483647;
			files = (
			);
			inputFileListPaths = (
			);
			inputPaths = (
			);
			outputFileListPaths = (
			);
			outputPaths = (
			);
			runOnlyForDeploymentPostprocessing = 0;
			shellPath = /bin/sh;
			shellScript = "PATH=\"/opt/homebrew/bin/:${PATH}\"\nif which swiftlint >/dev/null; then\n  swiftlint\nelse\n  echo \"warning: SwiftLint not installed, download from https://github.com/realm/SwiftLint\"\nfi\n";
		};
/* End PBXShellScriptBuildPhase section */

/* Begin PBXSourcesBuildPhase section */
		3DD69B8C27642DD900F053E0 /* Sources */ = {
			isa = PBXSourcesBuildPhase;
			buildActionMask = 2147483647;
			files = (
				DE9A7F71278AA97C00C8362D /* ProductPriceEditView.swift in Sources */,
				3DD69B9827642DD900F053E0 /* MainViewController.swift in Sources */,
				3DD69B9427642DD900F053E0 /* AppDelegate.swift in Sources */,
				DE4B8CF227792C2A007454FC /* UIStackView+.swift in Sources */,
				DE9809E927823D4B0084E39A /* ProductEditViewController.swift in Sources */,
				DE23F271277130AA00AD2249 /* ProductPriceView.swift in Sources */,
				342706D1276481D800C2EAC4 /* ProductPriceLabel.swift in Sources */,
				342706D52764820900C2EAC4 /* ProductCountLabel.swift in Sources */,
				DE9A7F6F2788EA4200C8362D /* PixelLineView.swift in Sources */,
				DE4B8CED2778A0EA007454FC /* UILabel+.swift in Sources */,
				342706CF2764816900C2EAC4 /* ProductNameLabel.swift in Sources */,
				342706D3276481EC00C2EAC4 /* ProductSalePriceLabel.swift in Sources */,
				DE9809E7278227B50084E39A /* ProductInfoView.swift in Sources */,
				DE4B8CF02778C9A4007454FC /* ProductImageCollectionViewCell.swift in Sources */,
				DE9809ED27823EC50084E39A /* AddProductImageCollectionViewController.swift in Sources */,
				3DD69B9627642DD900F053E0 /* SceneDelegate.swift in Sources */,
				342706C72764581D00C2EAC4 /* DetailViewController.swift in Sources */,
				DE9A7FF3279BBD3D00C8362D /* AddImageCell.swift in Sources */,
				DE9A7F93278BA6AD00C8362D /* DiscountButton.swift in Sources */,
				DE9809A1277E789D0084E39A /* ProductImagePageView.swift in Sources */,
			);
			runOnlyForDeploymentPostprocessing = 0;
		};
/* End PBXSourcesBuildPhase section */

/* Begin PBXVariantGroup section */
		3DD69B9E27642DDA00F053E0 /* LaunchScreen.storyboard */ = {
			isa = PBXVariantGroup;
			children = (
				3DD69B9F27642DDA00F053E0 /* Base */,
			);
			name = LaunchScreen.storyboard;
			sourceTree = "<group>";
		};
/* End PBXVariantGroup section */

/* Begin XCBuildConfiguration section */
		3DD69BA227642DDA00F053E0 /* Debug */ = {
			isa = XCBuildConfiguration;
			buildSettings = {
				ALWAYS_SEARCH_USER_PATHS = NO;
				CLANG_ANALYZER_NONNULL = YES;
				CLANG_ANALYZER_NUMBER_OBJECT_CONVERSION = YES_AGGRESSIVE;
				CLANG_CXX_LANGUAGE_STANDARD = "gnu++17";
				CLANG_CXX_LIBRARY = "libc++";
				CLANG_ENABLE_MODULES = YES;
				CLANG_ENABLE_OBJC_ARC = YES;
				CLANG_ENABLE_OBJC_WEAK = YES;
				CLANG_WARN_BLOCK_CAPTURE_AUTORELEASING = YES;
				CLANG_WARN_BOOL_CONVERSION = YES;
				CLANG_WARN_COMMA = YES;
				CLANG_WARN_CONSTANT_CONVERSION = YES;
				CLANG_WARN_DEPRECATED_OBJC_IMPLEMENTATIONS = YES;
				CLANG_WARN_DIRECT_OBJC_ISA_USAGE = YES_ERROR;
				CLANG_WARN_DOCUMENTATION_COMMENTS = YES;
				CLANG_WARN_EMPTY_BODY = YES;
				CLANG_WARN_ENUM_CONVERSION = YES;
				CLANG_WARN_INFINITE_RECURSION = YES;
				CLANG_WARN_INT_CONVERSION = YES;
				CLANG_WARN_NON_LITERAL_NULL_CONVERSION = YES;
				CLANG_WARN_OBJC_IMPLICIT_RETAIN_SELF = YES;
				CLANG_WARN_OBJC_LITERAL_CONVERSION = YES;
				CLANG_WARN_OBJC_ROOT_CLASS = YES_ERROR;
				CLANG_WARN_QUOTED_INCLUDE_IN_FRAMEWORK_HEADER = YES;
				CLANG_WARN_RANGE_LOOP_ANALYSIS = YES;
				CLANG_WARN_STRICT_PROTOTYPES = YES;
				CLANG_WARN_SUSPICIOUS_MOVE = YES;
				CLANG_WARN_UNGUARDED_AVAILABILITY = YES_AGGRESSIVE;
				CLANG_WARN_UNREACHABLE_CODE = YES;
				CLANG_WARN__DUPLICATE_METHOD_MATCH = YES;
				COPY_PHASE_STRIP = NO;
				DEBUG_INFORMATION_FORMAT = dwarf;
				ENABLE_STRICT_OBJC_MSGSEND = YES;
				ENABLE_TESTABILITY = YES;
				GCC_C_LANGUAGE_STANDARD = gnu11;
				GCC_DYNAMIC_NO_PIC = NO;
				GCC_NO_COMMON_BLOCKS = YES;
				GCC_OPTIMIZATION_LEVEL = 0;
				GCC_PREPROCESSOR_DEFINITIONS = (
					"DEBUG=1",
					"$(inherited)",
				);
				GCC_WARN_64_TO_32_BIT_CONVERSION = YES;
				GCC_WARN_ABOUT_RETURN_TYPE = YES_ERROR;
				GCC_WARN_UNDECLARED_SELECTOR = YES;
				GCC_WARN_UNINITIALIZED_AUTOS = YES_AGGRESSIVE;
				GCC_WARN_UNUSED_FUNCTION = YES;
				GCC_WARN_UNUSED_VARIABLE = YES;
				IPHONEOS_DEPLOYMENT_TARGET = 14.0;
				MTL_ENABLE_DEBUG_INFO = INCLUDE_SOURCE;
				MTL_FAST_MATH = YES;
				ONLY_ACTIVE_ARCH = YES;
				SDKROOT = iphoneos;
				SWIFT_ACTIVE_COMPILATION_CONDITIONS = DEBUG;
				SWIFT_OPTIMIZATION_LEVEL = "-Onone";
			};
			name = Debug;
		};
		3DD69BA327642DDA00F053E0 /* Release */ = {
			isa = XCBuildConfiguration;
			buildSettings = {
				ALWAYS_SEARCH_USER_PATHS = NO;
				CLANG_ANALYZER_NONNULL = YES;
				CLANG_ANALYZER_NUMBER_OBJECT_CONVERSION = YES_AGGRESSIVE;
				CLANG_CXX_LANGUAGE_STANDARD = "gnu++17";
				CLANG_CXX_LIBRARY = "libc++";
				CLANG_ENABLE_MODULES = YES;
				CLANG_ENABLE_OBJC_ARC = YES;
				CLANG_ENABLE_OBJC_WEAK = YES;
				CLANG_WARN_BLOCK_CAPTURE_AUTORELEASING = YES;
				CLANG_WARN_BOOL_CONVERSION = YES;
				CLANG_WARN_COMMA = YES;
				CLANG_WARN_CONSTANT_CONVERSION = YES;
				CLANG_WARN_DEPRECATED_OBJC_IMPLEMENTATIONS = YES;
				CLANG_WARN_DIRECT_OBJC_ISA_USAGE = YES_ERROR;
				CLANG_WARN_DOCUMENTATION_COMMENTS = YES;
				CLANG_WARN_EMPTY_BODY = YES;
				CLANG_WARN_ENUM_CONVERSION = YES;
				CLANG_WARN_INFINITE_RECURSION = YES;
				CLANG_WARN_INT_CONVERSION = YES;
				CLANG_WARN_NON_LITERAL_NULL_CONVERSION = YES;
				CLANG_WARN_OBJC_IMPLICIT_RETAIN_SELF = YES;
				CLANG_WARN_OBJC_LITERAL_CONVERSION = YES;
				CLANG_WARN_OBJC_ROOT_CLASS = YES_ERROR;
				CLANG_WARN_QUOTED_INCLUDE_IN_FRAMEWORK_HEADER = YES;
				CLANG_WARN_RANGE_LOOP_ANALYSIS = YES;
				CLANG_WARN_STRICT_PROTOTYPES = YES;
				CLANG_WARN_SUSPICIOUS_MOVE = YES;
				CLANG_WARN_UNGUARDED_AVAILABILITY = YES_AGGRESSIVE;
				CLANG_WARN_UNREACHABLE_CODE = YES;
				CLANG_WARN__DUPLICATE_METHOD_MATCH = YES;
				COPY_PHASE_STRIP = NO;
				DEBUG_INFORMATION_FORMAT = "dwarf-with-dsym";
				ENABLE_NS_ASSERTIONS = NO;
				ENABLE_STRICT_OBJC_MSGSEND = YES;
				GCC_C_LANGUAGE_STANDARD = gnu11;
				GCC_NO_COMMON_BLOCKS = YES;
				GCC_WARN_64_TO_32_BIT_CONVERSION = YES;
				GCC_WARN_ABOUT_RETURN_TYPE = YES_ERROR;
				GCC_WARN_UNDECLARED_SELECTOR = YES;
				GCC_WARN_UNINITIALIZED_AUTOS = YES_AGGRESSIVE;
				GCC_WARN_UNUSED_FUNCTION = YES;
				GCC_WARN_UNUSED_VARIABLE = YES;
				IPHONEOS_DEPLOYMENT_TARGET = 14.0;
				MTL_ENABLE_DEBUG_INFO = NO;
				MTL_FAST_MATH = YES;
				SDKROOT = iphoneos;
				SWIFT_COMPILATION_MODE = wholemodule;
				SWIFT_OPTIMIZATION_LEVEL = "-O";
				VALIDATE_PRODUCT = YES;
			};
			name = Release;
		};
		3DD69BA527642DDA00F053E0 /* Debug */ = {
			isa = XCBuildConfiguration;
			buildSettings = {
				ASSETCATALOG_COMPILER_APPICON_NAME = AppIcon;
				ASSETCATALOG_COMPILER_GLOBAL_ACCENT_COLOR_NAME = AccentColor;
				CODE_SIGN_STYLE = Automatic;
				CURRENT_PROJECT_VERSION = 1;
				GENERATE_INFOPLIST_FILE = YES;
				INFOPLIST_FILE = "O-G-Market/SupportingFiles/Info.plist";
				INFOPLIST_KEY_UIApplicationSupportsIndirectInputEvents = YES;
				INFOPLIST_KEY_UILaunchStoryboardName = LaunchScreen;
				INFOPLIST_KEY_UISupportedInterfaceOrientations = UIInterfaceOrientationPortrait;
				INFOPLIST_KEY_UISupportedInterfaceOrientations_iPad = "UIInterfaceOrientationPortrait UIInterfaceOrientationPortraitUpsideDown UIInterfaceOrientationLandscapeLeft UIInterfaceOrientationLandscapeRight";
				INFOPLIST_KEY_UISupportedInterfaceOrientations_iPhone = "UIInterfaceOrientationPortrait UIInterfaceOrientationLandscapeLeft UIInterfaceOrientationLandscapeRight";
				IPHONEOS_DEPLOYMENT_TARGET = 14.0;
				LD_RUNPATH_SEARCH_PATHS = (
					"$(inherited)",
					"@executable_path/Frameworks",
				);
				MARKETING_VERSION = 1.0;
				PRODUCT_BUNDLE_IDENTIFIER = "com.journey36.O-G-Market";
				PRODUCT_NAME = "$(TARGET_NAME)";
				SWIFT_EMIT_LOC_STRINGS = YES;
				SWIFT_VERSION = 5.0;
				TARGETED_DEVICE_FAMILY = 1;
			};
			name = Debug;
		};
		3DD69BA627642DDA00F053E0 /* Release */ = {
			isa = XCBuildConfiguration;
			buildSettings = {
				ASSETCATALOG_COMPILER_APPICON_NAME = AppIcon;
				ASSETCATALOG_COMPILER_GLOBAL_ACCENT_COLOR_NAME = AccentColor;
				CODE_SIGN_STYLE = Automatic;
				CURRENT_PROJECT_VERSION = 1;
				GENERATE_INFOPLIST_FILE = YES;
				INFOPLIST_FILE = "O-G-Market/SupportingFiles/Info.plist";
				INFOPLIST_KEY_UIApplicationSupportsIndirectInputEvents = YES;
				INFOPLIST_KEY_UILaunchStoryboardName = LaunchScreen;
				INFOPLIST_KEY_UISupportedInterfaceOrientations = UIInterfaceOrientationPortrait;
				INFOPLIST_KEY_UISupportedInterfaceOrientations_iPad = "UIInterfaceOrientationPortrait UIInterfaceOrientationPortraitUpsideDown UIInterfaceOrientationLandscapeLeft UIInterfaceOrientationLandscapeRight";
				INFOPLIST_KEY_UISupportedInterfaceOrientations_iPhone = "UIInterfaceOrientationPortrait UIInterfaceOrientationLandscapeLeft UIInterfaceOrientationLandscapeRight";
				IPHONEOS_DEPLOYMENT_TARGET = 14.0;
				LD_RUNPATH_SEARCH_PATHS = (
					"$(inherited)",
					"@executable_path/Frameworks",
				);
				MARKETING_VERSION = 1.0;
				PRODUCT_BUNDLE_IDENTIFIER = "com.journey36.O-G-Market";
				PRODUCT_NAME = "$(TARGET_NAME)";
				SWIFT_EMIT_LOC_STRINGS = YES;
				SWIFT_VERSION = 5.0;
				TARGETED_DEVICE_FAMILY = 1;
			};
			name = Release;
		};
/* End XCBuildConfiguration section */

/* Begin XCConfigurationList section */
		3DD69B8B27642DD900F053E0 /* Build configuration list for PBXProject "O-G-Market" */ = {
			isa = XCConfigurationList;
			buildConfigurations = (
				3DD69BA227642DDA00F053E0 /* Debug */,
				3DD69BA327642DDA00F053E0 /* Release */,
			);
			defaultConfigurationIsVisible = 0;
			defaultConfigurationName = Release;
		};
		3DD69BA427642DDA00F053E0 /* Build configuration list for PBXNativeTarget "O-G-Market" */ = {
			isa = XCConfigurationList;
			buildConfigurations = (
				3DD69BA527642DDA00F053E0 /* Debug */,
				3DD69BA627642DDA00F053E0 /* Release */,
			);
			defaultConfigurationIsVisible = 0;
			defaultConfigurationName = Release;
		};
/* End XCConfigurationList section */

/* Begin XCRemoteSwiftPackageReference section */
		3DD69BDA27643E9100F053E0 /* XCRemoteSwiftPackageReference "SnapKit" */ = {
			isa = XCRemoteSwiftPackageReference;
			repositoryURL = "https://github.com/SnapKit/SnapKit";
			requirement = {
				kind = upToNextMajorVersion;
				minimumVersion = 5.0.0;
			};
		};
		3DD69BDD27643F0900F053E0 /* XCRemoteSwiftPackageReference "Alamofire" */ = {
			isa = XCRemoteSwiftPackageReference;
			repositoryURL = "https://github.com/Alamofire/Alamofire";
			requirement = {
				kind = upToNextMajorVersion;
				minimumVersion = 5.0.0;
			};
		};
/* End XCRemoteSwiftPackageReference section */

/* Begin XCSwiftPackageProductDependency section */
		3DD69BDB27643E9100F053E0 /* SnapKit */ = {
			isa = XCSwiftPackageProductDependency;
			package = 3DD69BDA27643E9100F053E0 /* XCRemoteSwiftPackageReference "SnapKit" */;
			productName = SnapKit;
		};
		3DD69BDE27643F0900F053E0 /* Alamofire */ = {
			isa = XCSwiftPackageProductDependency;
			package = 3DD69BDD27643F0900F053E0 /* XCRemoteSwiftPackageReference "Alamofire" */;
			productName = Alamofire;
		};
/* End XCSwiftPackageProductDependency section */
	};
	rootObject = 3DD69B8827642DD900F053E0 /* Project object */;
}
