// !$*UTF8*$!
{
	archiveVersion = 1;
	classes = {
	};
	objectVersion = 55;
	objects = {

/* Begin PBXBuildFile section */
		3D1EC7AF279C5D4A00A23D1E /* Vendor.swift in Sources */ = {isa = PBXBuildFile; fileRef = 3D1EC7AE279C5D4A00A23D1E /* Vendor.swift */; };
		3D2965D62790C29E00B90A51 /* Networking.swift in Sources */ = {isa = PBXBuildFile; fileRef = 3D2965D52790C29E00B90A51 /* Networking.swift */; };
		3D31E94C279ED944009D7E8A /* Bundle+.swift in Sources */ = {isa = PBXBuildFile; fileRef = 3D31E94B279ED944009D7E8A /* Bundle+.swift */; };
		3D32C3C42785AD79008B7B5B /* ProductCell.swift in Sources */ = {isa = PBXBuildFile; fileRef = 3D32C3C22785AD79008B7B5B /* ProductCell.swift */; };
		3D52FF46278BDFFE007E9F3C /* ProductList.swift in Sources */ = {isa = PBXBuildFile; fileRef = 3D52FF45278BDFFE007E9F3C /* ProductList.swift */; };
		3D52FF48278BE20B007E9F3C /* ProductListRead.swift in Sources */ = {isa = PBXBuildFile; fileRef = 3D52FF47278BE20B007E9F3C /* ProductListRead.swift */; };
		3D52FF4B278C1258007E9F3C /* URLManager.swift in Sources */ = {isa = PBXBuildFile; fileRef = 3D52FF4A278C1258007E9F3C /* URLManager.swift */; };
		3D6B60342789580100A292AF /* Currency.swift in Sources */ = {isa = PBXBuildFile; fileRef = 3D6B60332789580100A292AF /* Currency.swift */; };
		3D6B6038278987B300A292AF /* Image.swift in Sources */ = {isa = PBXBuildFile; fileRef = 3D6B6037278987B300A292AF /* Image.swift */; };
		3D6B603A278A1B6200A292AF /* ProductCreation.swift in Sources */ = {isa = PBXBuildFile; fileRef = 3D6B6039278A1B6200A292AF /* ProductCreation.swift */; };
		3D6B603C278A1BE500A292AF /* ProductRead.swift in Sources */ = {isa = PBXBuildFile; fileRef = 3D6B603B278A1BE500A292AF /* ProductRead.swift */; };
		3D6B603E278A1BFC00A292AF /* ProductUpdate.swift in Sources */ = {isa = PBXBuildFile; fileRef = 3D6B603D278A1BFC00A292AF /* ProductUpdate.swift */; };
		3D6B6040278A1C0700A292AF /* ProductDeletion.swift in Sources */ = {isa = PBXBuildFile; fileRef = 3D6B603F278A1C0700A292AF /* ProductDeletion.swift */; };
		3D6B6042278A1C1300A292AF /* Post.swift in Sources */ = {isa = PBXBuildFile; fileRef = 3D6B6041278A1C1300A292AF /* Post.swift */; };
		3DB4531027A16A77007AE59E /* MainViewController.swift in Sources */ = {isa = PBXBuildFile; fileRef = 3DB4530F27A16A77007AE59E /* MainViewController.swift */; };
		3DD5BE172782F8EF000B89A8 /* Product.swift in Sources */ = {isa = PBXBuildFile; fileRef = 3DD5BE162782F8EF000B89A8 /* Product.swift */; };
		3DD69B9427642DD900F053E0 /* AppDelegate.swift in Sources */ = {isa = PBXBuildFile; fileRef = 3DD69B9327642DD900F053E0 /* AppDelegate.swift */; };
		3DD69B9627642DD900F053E0 /* SceneDelegate.swift in Sources */ = {isa = PBXBuildFile; fileRef = 3DD69B9527642DD900F053E0 /* SceneDelegate.swift */; };
		3DD69B9D27642DDA00F053E0 /* Assets.xcassets in Resources */ = {isa = PBXBuildFile; fileRef = 3DD69B9C27642DDA00F053E0 /* Assets.xcassets */; };
		3DD69BDC27643E9100F053E0 /* SnapKit in Frameworks */ = {isa = PBXBuildFile; productRef = 3DD69BDB27643E9100F053E0 /* SnapKit */; };
		3DD69BDF27643F0900F053E0 /* Alamofire in Frameworks */ = {isa = PBXBuildFile; productRef = 3DD69BDE27643F0900F053E0 /* Alamofire */; };
		DE4B8CED2778A0EA007454FC /* UILabel+.swift in Sources */ = {isa = PBXBuildFile; fileRef = DE4B8CEC2778A0EA007454FC /* UILabel+.swift */; };
		DE4B8CF227792C2A007454FC /* UIStackView+.swift in Sources */ = {isa = PBXBuildFile; fileRef = DE4B8CF127792C2A007454FC /* UIStackView+.swift */; };
		DE61EBBF27A1734500BD8A95 /* Data+.swift in Sources */ = {isa = PBXBuildFile; fileRef = DE61EBBE27A1734500BD8A95 /* Data+.swift */; };
		DE61EBE227A2B43900BD8A95 /* Coordinator.swift in Sources */ = {isa = PBXBuildFile; fileRef = DE61EBE127A2B43900BD8A95 /* Coordinator.swift */; };
		DE61EBE427A2B4A000BD8A95 /* MainCoordinator.swift in Sources */ = {isa = PBXBuildFile; fileRef = DE61EBE327A2B4A000BD8A95 /* MainCoordinator.swift */; };
		DE61EBE627A51E9900BD8A95 /* ProductRegisterButton.swift in Sources */ = {isa = PBXBuildFile; fileRef = DE61EBE527A51E9900BD8A95 /* ProductRegisterButton.swift */; };
		DE61EBED27AA397700BD8A95 /* ImageViewerController.swift in Sources */ = {isa = PBXBuildFile; fileRef = DE61EBEC27AA397700BD8A95 /* ImageViewerController.swift */; };
		DE61EBEF27AA5B9600BD8A95 /* ZoomableCollectionViewCell.swift in Sources */ = {isa = PBXBuildFile; fileRef = DE61EBEE27AA5B9600BD8A95 /* ZoomableCollectionViewCell.swift */; };
		DE61EBF227AC98B100BD8A95 /* DeleteAlertController.swift in Sources */ = {isa = PBXBuildFile; fileRef = DE61EBF127AC98B100BD8A95 /* DeleteAlertController.swift */; };
		DE8B1C0527A15BC000573454 /* UITextField+.swift in Sources */ = {isa = PBXBuildFile; fileRef = DE8B1C0427A15BC000573454 /* UITextField+.swift */; };
		DE8B1C0E27A16E8600573454 /* DetailViewController.swift in Sources */ = {isa = PBXBuildFile; fileRef = DE8B1C0727A16E8600573454 /* DetailViewController.swift */; };
		DE8B1C0F27A16E8600573454 /* ProductImagePageViewController.swift in Sources */ = {isa = PBXBuildFile; fileRef = DE8B1C0827A16E8600573454 /* ProductImagePageViewController.swift */; };
		DE8B1C1027A16E8600573454 /* ProductImagePageView.swift in Sources */ = {isa = PBXBuildFile; fileRef = DE8B1C0A27A16E8600573454 /* ProductImagePageView.swift */; };
		DE8B1C1127A16E8600573454 /* ProductPriceView.swift in Sources */ = {isa = PBXBuildFile; fileRef = DE8B1C0B27A16E8600573454 /* ProductPriceView.swift */; };
		DE8B1C1227A16E8600573454 /* ProductImageCollectionViewCell.swift in Sources */ = {isa = PBXBuildFile; fileRef = DE8B1C0C27A16E8600573454 /* ProductImageCollectionViewCell.swift */; };
		DE8B1C1327A16E8600573454 /* ProductInfoView.swift in Sources */ = {isa = PBXBuildFile; fileRef = DE8B1C0D27A16E8600573454 /* ProductInfoView.swift */; };
		DE9809E927823D4B0084E39A /* ProductEditViewController.swift in Sources */ = {isa = PBXBuildFile; fileRef = DE9809E827823D4B0084E39A /* ProductEditViewController.swift */; };
		DE9809ED27823EC50084E39A /* AddProductImageCollectionViewController.swift in Sources */ = {isa = PBXBuildFile; fileRef = DE9809EC27823EC50084E39A /* AddProductImageCollectionViewController.swift */; };
		DE9A7FF3279BBD3D00C8362D /* AddImageCollectionViewCell.swift in Sources */ = {isa = PBXBuildFile; fileRef = DE9A7FF2279BBD3D00C8362D /* AddImageCollectionViewCell.swift */; };
		DE9A7FF5279C500B00C8362D /* AddedImageCollectionViewCell.swift in Sources */ = {isa = PBXBuildFile; fileRef = DE9A7FF4279C500B00C8362D /* AddedImageCollectionViewCell.swift */; };
		DE9A8021279E3F1D00C8362D /* UICollectionViewFlowLayout+.swift in Sources */ = {isa = PBXBuildFile; fileRef = DE9A8020279E3F1D00C8362D /* UICollectionViewFlowLayout+.swift */; };
/* End PBXBuildFile section */

/* Begin PBXFileReference section */
		3D1EC7AE279C5D4A00A23D1E /* Vendor.swift */ = {isa = PBXFileReference; lastKnownFileType = sourcecode.swift; path = Vendor.swift; sourceTree = "<group>"; };
		3D2965D52790C29E00B90A51 /* Networking.swift */ = {isa = PBXFileReference; lastKnownFileType = sourcecode.swift; path = Networking.swift; sourceTree = "<group>"; };
		3D31E94A279ED32D009D7E8A /* UserKeys.xcconfig */ = {isa = PBXFileReference; lastKnownFileType = text.xcconfig; path = UserKeys.xcconfig; sourceTree = "<group>"; };
		3D31E94B279ED944009D7E8A /* Bundle+.swift */ = {isa = PBXFileReference; lastKnownFileType = sourcecode.swift; path = "Bundle+.swift"; sourceTree = "<group>"; };
		3D32C3C22785AD79008B7B5B /* ProductCell.swift */ = {isa = PBXFileReference; fileEncoding = 4; lastKnownFileType = sourcecode.swift; name = ProductCell.swift; path = MainView/ProductCell.swift; sourceTree = "<group>"; };
		3D52FF45278BDFFE007E9F3C /* ProductList.swift */ = {isa = PBXFileReference; lastKnownFileType = sourcecode.swift; path = ProductList.swift; sourceTree = "<group>"; };
		3D52FF47278BE20B007E9F3C /* ProductListRead.swift */ = {isa = PBXFileReference; lastKnownFileType = sourcecode.swift; path = ProductListRead.swift; sourceTree = "<group>"; };
		3D52FF4A278C1258007E9F3C /* URLManager.swift */ = {isa = PBXFileReference; lastKnownFileType = sourcecode.swift; path = URLManager.swift; sourceTree = "<group>"; };
		3D6B60332789580100A292AF /* Currency.swift */ = {isa = PBXFileReference; lastKnownFileType = sourcecode.swift; path = Currency.swift; sourceTree = "<group>"; };
		3D6B6037278987B300A292AF /* Image.swift */ = {isa = PBXFileReference; lastKnownFileType = sourcecode.swift; path = Image.swift; sourceTree = "<group>"; };
		3D6B6039278A1B6200A292AF /* ProductCreation.swift */ = {isa = PBXFileReference; lastKnownFileType = sourcecode.swift; path = ProductCreation.swift; sourceTree = "<group>"; };
		3D6B603B278A1BE500A292AF /* ProductRead.swift */ = {isa = PBXFileReference; lastKnownFileType = sourcecode.swift; path = ProductRead.swift; sourceTree = "<group>"; };
		3D6B603D278A1BFC00A292AF /* ProductUpdate.swift */ = {isa = PBXFileReference; lastKnownFileType = sourcecode.swift; path = ProductUpdate.swift; sourceTree = "<group>"; };
		3D6B603F278A1C0700A292AF /* ProductDeletion.swift */ = {isa = PBXFileReference; lastKnownFileType = sourcecode.swift; path = ProductDeletion.swift; sourceTree = "<group>"; };
		3D6B6041278A1C1300A292AF /* Post.swift */ = {isa = PBXFileReference; lastKnownFileType = sourcecode.swift; path = Post.swift; sourceTree = "<group>"; };
		3DB4530F27A16A77007AE59E /* MainViewController.swift */ = {isa = PBXFileReference; fileEncoding = 4; lastKnownFileType = sourcecode.swift; path = MainViewController.swift; sourceTree = "<group>"; };
		3DD5BE162782F8EF000B89A8 /* Product.swift */ = {isa = PBXFileReference; lastKnownFileType = sourcecode.swift; path = Product.swift; sourceTree = "<group>"; };
		3DD69B9027642DD900F053E0 /* O-G-Market.app */ = {isa = PBXFileReference; explicitFileType = wrapper.application; includeInIndex = 0; path = "O-G-Market.app"; sourceTree = BUILT_PRODUCTS_DIR; };
		3DD69B9327642DD900F053E0 /* AppDelegate.swift */ = {isa = PBXFileReference; lastKnownFileType = sourcecode.swift; path = AppDelegate.swift; sourceTree = "<group>"; };
		3DD69B9527642DD900F053E0 /* SceneDelegate.swift */ = {isa = PBXFileReference; lastKnownFileType = sourcecode.swift; path = SceneDelegate.swift; sourceTree = "<group>"; };
		3DD69B9C27642DDA00F053E0 /* Assets.xcassets */ = {isa = PBXFileReference; lastKnownFileType = folder.assetcatalog; path = Assets.xcassets; sourceTree = "<group>"; };
		3DD69BA127642DDA00F053E0 /* Info.plist */ = {isa = PBXFileReference; lastKnownFileType = text.plist.xml; path = Info.plist; sourceTree = "<group>"; };
		3DD69BA827642EEB00F053E0 /* .swiftlint.yml */ = {isa = PBXFileReference; lastKnownFileType = text.yaml; path = .swiftlint.yml; sourceTree = "<group>"; };
		DE4B8CEC2778A0EA007454FC /* UILabel+.swift */ = {isa = PBXFileReference; lastKnownFileType = sourcecode.swift; path = "UILabel+.swift"; sourceTree = "<group>"; };
		DE4B8CF127792C2A007454FC /* UIStackView+.swift */ = {isa = PBXFileReference; lastKnownFileType = sourcecode.swift; path = "UIStackView+.swift"; sourceTree = "<group>"; };
		DE61EBBE27A1734500BD8A95 /* Data+.swift */ = {isa = PBXFileReference; fileEncoding = 4; lastKnownFileType = sourcecode.swift; path = "Data+.swift"; sourceTree = "<group>"; };
		DE61EBE127A2B43900BD8A95 /* Coordinator.swift */ = {isa = PBXFileReference; lastKnownFileType = sourcecode.swift; path = Coordinator.swift; sourceTree = "<group>"; };
		DE61EBE327A2B4A000BD8A95 /* MainCoordinator.swift */ = {isa = PBXFileReference; lastKnownFileType = sourcecode.swift; path = MainCoordinator.swift; sourceTree = "<group>"; };
		DE61EBE527A51E9900BD8A95 /* ProductRegisterButton.swift */ = {isa = PBXFileReference; lastKnownFileType = sourcecode.swift; path = ProductRegisterButton.swift; sourceTree = "<group>"; };
		DE61EBEC27AA397700BD8A95 /* ImageViewerController.swift */ = {isa = PBXFileReference; lastKnownFileType = sourcecode.swift; path = ImageViewerController.swift; sourceTree = "<group>"; };
		DE61EBEE27AA5B9600BD8A95 /* ZoomableCollectionViewCell.swift */ = {isa = PBXFileReference; lastKnownFileType = sourcecode.swift; path = ZoomableCollectionViewCell.swift; sourceTree = "<group>"; };
		DE61EBF127AC98B100BD8A95 /* DeleteAlertController.swift */ = {isa = PBXFileReference; lastKnownFileType = sourcecode.swift; path = DeleteAlertController.swift; sourceTree = "<group>"; };
		DE8B1C0427A15BC000573454 /* UITextField+.swift */ = {isa = PBXFileReference; lastKnownFileType = sourcecode.swift; path = "UITextField+.swift"; sourceTree = "<group>"; };
		DE8B1C0727A16E8600573454 /* DetailViewController.swift */ = {isa = PBXFileReference; fileEncoding = 4; lastKnownFileType = sourcecode.swift; path = DetailViewController.swift; sourceTree = "<group>"; };
		DE8B1C0827A16E8600573454 /* ProductImagePageViewController.swift */ = {isa = PBXFileReference; fileEncoding = 4; lastKnownFileType = sourcecode.swift; path = ProductImagePageViewController.swift; sourceTree = "<group>"; };
		DE8B1C0A27A16E8600573454 /* ProductImagePageView.swift */ = {isa = PBXFileReference; fileEncoding = 4; lastKnownFileType = sourcecode.swift; path = ProductImagePageView.swift; sourceTree = "<group>"; };
		DE8B1C0B27A16E8600573454 /* ProductPriceView.swift */ = {isa = PBXFileReference; fileEncoding = 4; lastKnownFileType = sourcecode.swift; path = ProductPriceView.swift; sourceTree = "<group>"; };
		DE8B1C0C27A16E8600573454 /* ProductImageCollectionViewCell.swift */ = {isa = PBXFileReference; fileEncoding = 4; lastKnownFileType = sourcecode.swift; path = ProductImageCollectionViewCell.swift; sourceTree = "<group>"; };
		DE8B1C0D27A16E8600573454 /* ProductInfoView.swift */ = {isa = PBXFileReference; fileEncoding = 4; lastKnownFileType = sourcecode.swift; path = ProductInfoView.swift; sourceTree = "<group>"; };
		DE9809E827823D4B0084E39A /* ProductEditViewController.swift */ = {isa = PBXFileReference; lastKnownFileType = sourcecode.swift; path = ProductEditViewController.swift; sourceTree = "<group>"; };
		DE9809EC27823EC50084E39A /* AddProductImageCollectionViewController.swift */ = {isa = PBXFileReference; lastKnownFileType = sourcecode.swift; path = AddProductImageCollectionViewController.swift; sourceTree = "<group>"; };
		DE9A7FF2279BBD3D00C8362D /* AddImageCollectionViewCell.swift */ = {isa = PBXFileReference; lastKnownFileType = sourcecode.swift; path = AddImageCollectionViewCell.swift; sourceTree = "<group>"; };
		DE9A7FF4279C500B00C8362D /* AddedImageCollectionViewCell.swift */ = {isa = PBXFileReference; lastKnownFileType = sourcecode.swift; path = AddedImageCollectionViewCell.swift; sourceTree = "<group>"; };
		DE9A8020279E3F1D00C8362D /* UICollectionViewFlowLayout+.swift */ = {isa = PBXFileReference; lastKnownFileType = sourcecode.swift; path = "UICollectionViewFlowLayout+.swift"; sourceTree = "<group>"; };
/* End PBXFileReference section */

/* Begin PBXFrameworksBuildPhase section */
		3DD69B8D27642DD900F053E0 /* Frameworks */ = {
			isa = PBXFrameworksBuildPhase;
			buildActionMask = 2147483647;
			files = (
				3DD69BDC27643E9100F053E0 /* SnapKit in Frameworks */,
				3DD69BDF27643F0900F053E0 /* Alamofire in Frameworks */,
			);
			runOnlyForDeploymentPostprocessing = 0;
		};
/* End PBXFrameworksBuildPhase section */

/* Begin PBXGroup section */
		3D52FF43278BDF36007E9F3C /* Request */ = {
			isa = PBXGroup;
			children = (
				3D6B6039278A1B6200A292AF /* ProductCreation.swift */,
				3D6B603B278A1BE500A292AF /* ProductRead.swift */,
				3D6B603D278A1BFC00A292AF /* ProductUpdate.swift */,
				3D6B603F278A1C0700A292AF /* ProductDeletion.swift */,
				3D52FF47278BE20B007E9F3C /* ProductListRead.swift */,
			);
			path = Request;
			sourceTree = "<group>";
		};
		3D52FF44278BDF4D007E9F3C /* Response */ = {
			isa = PBXGroup;
			children = (
				3D6B6041278A1C1300A292AF /* Post.swift */,
				3D52FF45278BDFFE007E9F3C /* ProductList.swift */,
			);
			path = Response;
			sourceTree = "<group>";
		};
		3D52FF49278C1235007E9F3C /* Networks */ = {
			isa = PBXGroup;
			children = (
				3D52FF4A278C1258007E9F3C /* URLManager.swift */,
				3D2965D52790C29E00B90A51 /* Networking.swift */,
			);
			path = Networks;
			sourceTree = "<group>";
		};
		3DB4530E27A16A77007AE59E /* MainViewController */ = {
			isa = PBXGroup;
			children = (
				3DD69BD627643C3A00F053E0 /* View */,
				3DB4530F27A16A77007AE59E /* MainViewController.swift */,
			);
			path = MainViewController;
			sourceTree = "<group>";
		};
		3DD69B8727642DD900F053E0 = {
			isa = PBXGroup;
			children = (
				3DD69BA827642EEB00F053E0 /* .swiftlint.yml */,
				3DD69B9227642DD900F053E0 /* O-G-Market */,
				3DD69B9127642DD900F053E0 /* Products */,
			);
			sourceTree = "<group>";
		};
		3DD69B9127642DD900F053E0 /* Products */ = {
			isa = PBXGroup;
			children = (
				3DD69B9027642DD900F053E0 /* O-G-Market.app */,
			);
			name = Products;
			sourceTree = "<group>";
		};
		3DD69B9227642DD900F053E0 /* O-G-Market */ = {
			isa = PBXGroup;
			children = (
				3D52FF49278C1235007E9F3C /* Networks */,
				3DD69BD827643C4C00F053E0 /* Models */,
				DE61EBE027A2B3F700BD8A95 /* Coordinator */,
				3DD69BD927643C5500F053E0 /* ViewControllers */,
				DE4B8CEE2778A0ED007454FC /* Extension */,
				3DD69BD527643B6600F053E0 /* SupportingFiles */,
				3DD69B9C27642DDA00F053E0 /* Assets.xcassets */,
			);
			path = "O-G-Market";
			sourceTree = "<group>";
		};
		3DD69BD527643B6600F053E0 /* SupportingFiles */ = {
			isa = PBXGroup;
			children = (
				3DD69B9327642DD900F053E0 /* AppDelegate.swift */,
				3DD69B9527642DD900F053E0 /* SceneDelegate.swift */,
				3D31E94A279ED32D009D7E8A /* UserKeys.xcconfig */,
				3DD69BA127642DDA00F053E0 /* Info.plist */,
			);
			path = SupportingFiles;
			sourceTree = "<group>";
		};
		3DD69BD627643C3A00F053E0 /* View */ = {
			isa = PBXGroup;
			children = (
				3D32C3C22785AD79008B7B5B /* ProductCell.swift */,
				DE61EBE527A51E9900BD8A95 /* ProductRegisterButton.swift */,
			);
			path = View;
			sourceTree = "<group>";
		};
		3DD69BD827643C4C00F053E0 /* Models */ = {
			isa = PBXGroup;
			children = (
				3D52FF43278BDF36007E9F3C /* Request */,
				3D52FF44278BDF4D007E9F3C /* Response */,
				3D6B6037278987B300A292AF /* Image.swift */,
				3D1EC7AE279C5D4A00A23D1E /* Vendor.swift */,
				3DD5BE162782F8EF000B89A8 /* Product.swift */,
				3D6B60332789580100A292AF /* Currency.swift */,
			);
			path = Models;
			sourceTree = "<group>";
		};
		3DD69BD927643C5500F053E0 /* ViewControllers */ = {
			isa = PBXGroup;
			children = (
				DE61EBEB27AA395B00BD8A95 /* ImageViewerController */,
				3DB4530E27A16A77007AE59E /* MainViewController */,
				DE8B1C0627A16E8600573454 /* DetailViewController */,
				DE9809EA27823D510084E39A /* ProductEditViewController */,
			);
			path = ViewControllers;
			sourceTree = "<group>";
		};
		DE4B8CEE2778A0ED007454FC /* Extension */ = {
			isa = PBXGroup;
			children = (
				DE4B8CEC2778A0EA007454FC /* UILabel+.swift */,
				DE9A8020279E3F1D00C8362D /* UICollectionViewFlowLayout+.swift */,
				DE4B8CF127792C2A007454FC /* UIStackView+.swift */,
				DE8B1C0427A15BC000573454 /* UITextField+.swift */,
				DE61EBBE27A1734500BD8A95 /* Data+.swift */,
				3D31E94B279ED944009D7E8A /* Bundle+.swift */,
			);
			path = Extension;
			sourceTree = "<group>";
		};
		DE61EBE027A2B3F700BD8A95 /* Coordinator */ = {
			isa = PBXGroup;
			children = (
				DE61EBE127A2B43900BD8A95 /* Coordinator.swift */,
				DE61EBE327A2B4A000BD8A95 /* MainCoordinator.swift */,
			);
			path = Coordinator;
			sourceTree = "<group>";
		};
		DE61EBEB27AA395B00BD8A95 /* ImageViewerController */ = {
			isa = PBXGroup;
			children = (
				DE61EBEC27AA397700BD8A95 /* ImageViewerController.swift */,
				DE61EBEE27AA5B9600BD8A95 /* ZoomableCollectionViewCell.swift */,
			);
			path = ImageViewerController;
			sourceTree = "<group>";
		};
		DE8B1C0627A16E8600573454 /* DetailViewController */ = {
			isa = PBXGroup;
			children = (
				DE8B1C0927A16E8600573454 /* View */,
				DE8B1C0727A16E8600573454 /* DetailViewController.swift */,
				DE61EBF127AC98B100BD8A95 /* DeleteAlertController.swift */,
				DE8B1C0827A16E8600573454 /* ProductImagePageViewController.swift */,
			);
			path = DetailViewController;
			sourceTree = "<group>";
		};
		DE8B1C0927A16E8600573454 /* View */ = {
			isa = PBXGroup;
			children = (
				DE8B1C0A27A16E8600573454 /* ProductImagePageView.swift */,
				DE8B1C0B27A16E8600573454 /* ProductPriceView.swift */,
				DE8B1C0C27A16E8600573454 /* ProductImageCollectionViewCell.swift */,
				DE8B1C0D27A16E8600573454 /* ProductInfoView.swift */,
			);
			path = View;
			sourceTree = "<group>";
		};
		DE9809EA27823D510084E39A /* ProductEditViewController */ = {
			isa = PBXGroup;
			children = (
				DE9809EB27823E560084E39A /* View */,
				DE9809E827823D4B0084E39A /* ProductEditViewController.swift */,
				DE9809EC27823EC50084E39A /* AddProductImageCollectionViewController.swift */,
			);
			path = ProductEditViewController;
			sourceTree = "<group>";
		};
		DE9809EB27823E560084E39A /* View */ = {
			isa = PBXGroup;
			children = (
				DE9A7FF2279BBD3D00C8362D /* AddImageCollectionViewCell.swift */,
				DE9A7FF4279C500B00C8362D /* AddedImageCollectionViewCell.swift */,
			);
			path = View;
			sourceTree = "<group>";
		};
/* End PBXGroup section */

/* Begin PBXNativeTarget section */
		3DD69B8F27642DD900F053E0 /* O-G-Market */ = {
			isa = PBXNativeTarget;
			buildConfigurationList = 3DD69BA427642DDA00F053E0 /* Build configuration list for PBXNativeTarget "O-G-Market" */;
			buildPhases = (
				3DD69B8C27642DD900F053E0 /* Sources */,
				3DD69BA727642E9100F053E0 /* ShellScript */,
				3DD69B8D27642DD900F053E0 /* Frameworks */,
				3DD69B8E27642DD900F053E0 /* Resources */,
			);
			buildRules = (
			);
			dependencies = (
			);
			name = "O-G-Market";
			packageProductDependencies = (
				3DD69BDB27643E9100F053E0 /* SnapKit */,
				3DD69BDE27643F0900F053E0 /* Alamofire */,
			);
			productName = "O-G-Market";
			productReference = 3DD69B9027642DD900F053E0 /* O-G-Market.app */;
			productType = "com.apple.product-type.application";
		};
/* End PBXNativeTarget section */

/* Begin PBXProject section */
		3DD69B8827642DD900F053E0 /* Project object */ = {
			isa = PBXProject;
			attributes = {
				BuildIndependentTargetsInParallel = 1;
				LastSwiftUpdateCheck = 1310;
				LastUpgradeCheck = 1310;
				TargetAttributes = {
					3DD69B8F27642DD900F053E0 = {
						CreatedOnToolsVersion = 13.1;
					};
				};
			};
			buildConfigurationList = 3DD69B8B27642DD900F053E0 /* Build configuration list for PBXProject "O-G-Market" */;
			compatibilityVersion = "Xcode 13.0";
			developmentRegion = en;
			hasScannedForEncodings = 0;
			knownRegions = (
				en,
				Base,
			);
			mainGroup = 3DD69B8727642DD900F053E0;
			packageReferences = (
				3DD69BDA27643E9100F053E0 /* XCRemoteSwiftPackageReference "SnapKit" */,
				3DD69BDD27643F0900F053E0 /* XCRemoteSwiftPackageReference "Alamofire" */,
			);
			productRefGroup = 3DD69B9127642DD900F053E0 /* Products */;
			projectDirPath = "";
			projectRoot = "";
			targets = (
				3DD69B8F27642DD900F053E0 /* O-G-Market */,
			);
		};
/* End PBXProject section */

/* Begin PBXResourcesBuildPhase section */
		3DD69B8E27642DD900F053E0 /* Resources */ = {
			isa = PBXResourcesBuildPhase;
			buildActionMask = 2147483647;
			files = (
				3DD69B9D27642DDA00F053E0 /* Assets.xcassets in Resources */,
			);
			runOnlyForDeploymentPostprocessing = 0;
		};
/* End PBXResourcesBuildPhase section */

/* Begin PBXShellScriptBuildPhase section */
		3DD69BA727642E9100F053E0 /* ShellScript */ = {
			isa = PBXShellScriptBuildPhase;
			buildActionMask = 2147483647;
			files = (
			);
			inputFileListPaths = (
			);
			inputPaths = (
			);
			outputFileListPaths = (
			);
			outputPaths = (
			);
			runOnlyForDeploymentPostprocessing = 0;
			shellPath = /bin/sh;
			shellScript = "PATH=\"/opt/homebrew/bin/:${PATH}\"\nif which swiftlint >/dev/null; then\n  swiftlint\nelse\n  echo \"warning: SwiftLint not installed, download from https://github.com/realm/SwiftLint\"\nfi\n";
		};
/* End PBXShellScriptBuildPhase section */

/* Begin PBXSourcesBuildPhase section */
		3DD69B8C27642DD900F053E0 /* Sources */ = {
			isa = PBXSourcesBuildPhase;
			buildActionMask = 2147483647;
			files = (
				DE4B8CF227792C2A007454FC /* UIStackView+.swift in Sources */,
				DE9809E927823D4B0084E39A /* ProductEditViewController.swift in Sources */,
				DE61EBBF27A1734500BD8A95 /* Data+.swift in Sources */,
				DE61EBE627A51E9900BD8A95 /* ProductRegisterButton.swift in Sources */,
				DE61EBEF27AA5B9600BD8A95 /* ZoomableCollectionViewCell.swift in Sources */,
				DE9A7FF5279C500B00C8362D /* AddedImageCollectionViewCell.swift in Sources */,
				DE4B8CED2778A0EA007454FC /* UILabel+.swift in Sources */,
				DE8B1C0527A15BC000573454 /* UITextField+.swift in Sources */,
				DE9A8021279E3F1D00C8362D /* UICollectionViewFlowLayout+.swift in Sources */,
				DE9809ED27823EC50084E39A /* AddProductImageCollectionViewController.swift in Sources */,
				DE8B1C1327A16E8600573454 /* ProductInfoView.swift in Sources */,
				DE9A7FF3279BBD3D00C8362D /* AddImageCollectionViewCell.swift in Sources */,
				3D32C3C42785AD79008B7B5B /* ProductCell.swift in Sources */,
				3D52FF48278BE20B007E9F3C /* ProductListRead.swift in Sources */,
				DE8B1C0F27A16E8600573454 /* ProductImagePageViewController.swift in Sources */,
				3D2965D62790C29E00B90A51 /* Networking.swift in Sources */,
				DE61EBED27AA397700BD8A95 /* ImageViewerController.swift in Sources */,
				3DD69B9427642DD900F053E0 /* AppDelegate.swift in Sources */,
				3D1EC7AF279C5D4A00A23D1E /* Vendor.swift in Sources */,
				3D6B603C278A1BE500A292AF /* ProductRead.swift in Sources */,
				DE8B1C1127A16E8600573454 /* ProductPriceView.swift in Sources */,
				3D6B6042278A1C1300A292AF /* Post.swift in Sources */,
				DE8B1C1227A16E8600573454 /* ProductImageCollectionViewCell.swift in Sources */,
				DE8B1C1027A16E8600573454 /* ProductImagePageView.swift in Sources */,
				3D31E94C279ED944009D7E8A /* Bundle+.swift in Sources */,
				3D52FF4B278C1258007E9F3C /* URLManager.swift in Sources */,
				3D6B60342789580100A292AF /* Currency.swift in Sources */,
				3DD69B9627642DD900F053E0 /* SceneDelegate.swift in Sources */,
				DE61EBE427A2B4A000BD8A95 /* MainCoordinator.swift in Sources */,
				3D6B603A278A1B6200A292AF /* ProductCreation.swift in Sources */,
				DE61EBE227A2B43900BD8A95 /* Coordinator.swift in Sources */,
				DE61EBF227AC98B100BD8A95 /* DeleteAlertController.swift in Sources */,
				3DD5BE172782F8EF000B89A8 /* Product.swift in Sources */,
				3D6B6040278A1C0700A292AF /* ProductDeletion.swift in Sources */,
				3D52FF46278BDFFE007E9F3C /* ProductList.swift in Sources */,
				3D6B6038278987B300A292AF /* Image.swift in Sources */,
				DE8B1C0E27A16E8600573454 /* DetailViewController.swift in Sources */,
				3D6B603E278A1BFC00A292AF /* ProductUpdate.swift in Sources */,
				3DB4531027A16A77007AE59E /* MainViewController.swift in Sources */,
			);
			runOnlyForDeploymentPostprocessing = 0;
		};
/* End PBXSourcesBuildPhase section */

/* Begin XCBuildConfiguration section */
		3DD69BA227642DDA00F053E0 /* Debug */ = {
			isa = XCBuildConfiguration;
			baseConfigurationReference = 3D31E94A279ED32D009D7E8A /* UserKeys.xcconfig */;
			buildSettings = {
				ALWAYS_SEARCH_USER_PATHS = NO;
				CLANG_ANALYZER_NONNULL = YES;
				CLANG_ANALYZER_NUMBER_OBJECT_CONVERSION = YES_AGGRESSIVE;
				CLANG_CXX_LANGUAGE_STANDARD = "gnu++17";
				CLANG_CXX_LIBRARY = "libc++";
				CLANG_ENABLE_MODULES = YES;
				CLANG_ENABLE_OBJC_ARC = YES;
				CLANG_ENABLE_OBJC_WEAK = YES;
				CLANG_WARN_BLOCK_CAPTURE_AUTORELEASING = YES;
				CLANG_WARN_BOOL_CONVERSION = YES;
				CLANG_WARN_COMMA = YES;
				CLANG_WARN_CONSTANT_CONVERSION = YES;
				CLANG_WARN_DEPRECATED_OBJC_IMPLEMENTATIONS = YES;
				CLANG_WARN_DIRECT_OBJC_ISA_USAGE = YES_ERROR;
				CLANG_WARN_DOCUMENTATION_COMMENTS = YES;
				CLANG_WARN_EMPTY_BODY = YES;
				CLANG_WARN_ENUM_CONVERSION = YES;
				CLANG_WARN_INFINITE_RECURSION = YES;
				CLANG_WARN_INT_CONVERSION = YES;
				CLANG_WARN_NON_LITERAL_NULL_CONVERSION = YES;
				CLANG_WARN_OBJC_IMPLICIT_RETAIN_SELF = YES;
				CLANG_WARN_OBJC_LITERAL_CONVERSION = YES;
				CLANG_WARN_OBJC_ROOT_CLASS = YES_ERROR;
				CLANG_WARN_QUOTED_INCLUDE_IN_FRAMEWORK_HEADER = YES;
				CLANG_WARN_RANGE_LOOP_ANALYSIS = YES;
				CLANG_WARN_STRICT_PROTOTYPES = YES;
				CLANG_WARN_SUSPICIOUS_MOVE = YES;
				CLANG_WARN_UNGUARDED_AVAILABILITY = YES_AGGRESSIVE;
				CLANG_WARN_UNREACHABLE_CODE = YES;
				CLANG_WARN__DUPLICATE_METHOD_MATCH = YES;
				COPY_PHASE_STRIP = NO;
				DEBUG_INFORMATION_FORMAT = dwarf;
				ENABLE_STRICT_OBJC_MSGSEND = YES;
				ENABLE_TESTABILITY = YES;
				GCC_C_LANGUAGE_STANDARD = gnu11;
				GCC_DYNAMIC_NO_PIC = NO;
				GCC_NO_COMMON_BLOCKS = YES;
				GCC_OPTIMIZATION_LEVEL = 0;
				GCC_PREPROCESSOR_DEFINITIONS = (
					"DEBUG=1",
					"$(inherited)",
				);
				GCC_WARN_64_TO_32_BIT_CONVERSION = YES;
				GCC_WARN_ABOUT_RETURN_TYPE = YES_ERROR;
				GCC_WARN_UNDECLARED_SELECTOR = YES;
				GCC_WARN_UNINITIALIZED_AUTOS = YES_AGGRESSIVE;
				GCC_WARN_UNUSED_FUNCTION = YES;
				GCC_WARN_UNUSED_VARIABLE = YES;
				IPHONEOS_DEPLOYMENT_TARGET = 14.0;
				MTL_ENABLE_DEBUG_INFO = INCLUDE_SOURCE;
				MTL_FAST_MATH = YES;
				ONLY_ACTIVE_ARCH = YES;
				SDKROOT = iphoneos;
				SWIFT_ACTIVE_COMPILATION_CONDITIONS = DEBUG;
				SWIFT_OPTIMIZATION_LEVEL = "-Onone";
			};
			name = Debug;
		};
		3DD69BA327642DDA00F053E0 /* Release */ = {
			isa = XCBuildConfiguration;
			buildSettings = {
				ALWAYS_SEARCH_USER_PATHS = NO;
				CLANG_ANALYZER_NONNULL = YES;
				CLANG_ANALYZER_NUMBER_OBJECT_CONVERSION = YES_AGGRESSIVE;
				CLANG_CXX_LANGUAGE_STANDARD = "gnu++17";
				CLANG_CXX_LIBRARY = "libc++";
				CLANG_ENABLE_MODULES = YES;
				CLANG_ENABLE_OBJC_ARC = YES;
				CLANG_ENABLE_OBJC_WEAK = YES;
				CLANG_WARN_BLOCK_CAPTURE_AUTORELEASING = YES;
				CLANG_WARN_BOOL_CONVERSION = YES;
				CLANG_WARN_COMMA = YES;
				CLANG_WARN_CONSTANT_CONVERSION = YES;
				CLANG_WARN_DEPRECATED_OBJC_IMPLEMENTATIONS = YES;
				CLANG_WARN_DIRECT_OBJC_ISA_USAGE = YES_ERROR;
				CLANG_WARN_DOCUMENTATION_COMMENTS = YES;
				CLANG_WARN_EMPTY_BODY = YES;
				CLANG_WARN_ENUM_CONVERSION = YES;
				CLANG_WARN_INFINITE_RECURSION = YES;
				CLANG_WARN_INT_CONVERSION = YES;
				CLANG_WARN_NON_LITERAL_NULL_CONVERSION = YES;
				CLANG_WARN_OBJC_IMPLICIT_RETAIN_SELF = YES;
				CLANG_WARN_OBJC_LITERAL_CONVERSION = YES;
				CLANG_WARN_OBJC_ROOT_CLASS = YES_ERROR;
				CLANG_WARN_QUOTED_INCLUDE_IN_FRAMEWORK_HEADER = YES;
				CLANG_WARN_RANGE_LOOP_ANALYSIS = YES;
				CLANG_WARN_STRICT_PROTOTYPES = YES;
				CLANG_WARN_SUSPICIOUS_MOVE = YES;
				CLANG_WARN_UNGUARDED_AVAILABILITY = YES_AGGRESSIVE;
				CLANG_WARN_UNREACHABLE_CODE = YES;
				CLANG_WARN__DUPLICATE_METHOD_MATCH = YES;
				COPY_PHASE_STRIP = NO;
				DEBUG_INFORMATION_FORMAT = "dwarf-with-dsym";
				ENABLE_NS_ASSERTIONS = NO;
				ENABLE_STRICT_OBJC_MSGSEND = YES;
				GCC_C_LANGUAGE_STANDARD = gnu11;
				GCC_NO_COMMON_BLOCKS = YES;
				GCC_WARN_64_TO_32_BIT_CONVERSION = YES;
				GCC_WARN_ABOUT_RETURN_TYPE = YES_ERROR;
				GCC_WARN_UNDECLARED_SELECTOR = YES;
				GCC_WARN_UNINITIALIZED_AUTOS = YES_AGGRESSIVE;
				GCC_WARN_UNUSED_FUNCTION = YES;
				GCC_WARN_UNUSED_VARIABLE = YES;
				IPHONEOS_DEPLOYMENT_TARGET = 14.0;
				MTL_ENABLE_DEBUG_INFO = NO;
				MTL_FAST_MATH = YES;
				ONLY_ACTIVE_ARCH = NO;
				SDKROOT = iphoneos;
				SWIFT_COMPILATION_MODE = wholemodule;
				SWIFT_OPTIMIZATION_LEVEL = "-O";
				VALIDATE_PRODUCT = YES;
			};
			name = Release;
		};
		3DD69BA527642DDA00F053E0 /* Debug */ = {
			isa = XCBuildConfiguration;
			buildSettings = {
				ASSETCATALOG_COMPILER_APPICON_NAME = AppIcon;
				ASSETCATALOG_COMPILER_GLOBAL_ACCENT_COLOR_NAME = AccentColor;
				CODE_SIGN_STYLE = Automatic;
				CURRENT_PROJECT_VERSION = 1;
				DEVELOPMENT_TEAM = 2JBK7N75S7;
				GENERATE_INFOPLIST_FILE = YES;
				INFOPLIST_FILE = "O-G-Market/SupportingFiles/Info.plist";
				INFOPLIST_KEY_UIApplicationSupportsIndirectInputEvents = YES;
				INFOPLIST_KEY_UILaunchStoryboardName = LaunchScreen;
				INFOPLIST_KEY_UISupportedInterfaceOrientations = UIInterfaceOrientationPortrait;
				INFOPLIST_KEY_UISupportedInterfaceOrientations_iPad = "UIInterfaceOrientationPortrait UIInterfaceOrientationPortraitUpsideDown UIInterfaceOrientationLandscapeLeft UIInterfaceOrientationLandscapeRight";
				INFOPLIST_KEY_UISupportedInterfaceOrientations_iPhone = "UIInterfaceOrientationPortrait UIInterfaceOrientationLandscapeLeft UIInterfaceOrientationLandscapeRight";
				IPHONEOS_DEPLOYMENT_TARGET = 14.0;
				LD_RUNPATH_SEARCH_PATHS = (
					"$(inherited)",
					"@executable_path/Frameworks",
				);
				MARKETING_VERSION = 1.0;
				PRODUCT_BUNDLE_IDENTIFIER = "com.journey36.O-G-Market";
				PRODUCT_NAME = "$(TARGET_NAME)";
				SWIFT_EMIT_LOC_STRINGS = YES;
				SWIFT_VERSION = 5.0;
				TARGETED_DEVICE_FAMILY = 1;
			};
			name = Debug;
		};
		3DD69BA627642DDA00F053E0 /* Release */ = {
			isa = XCBuildConfiguration;
			buildSettings = {
				ASSETCATALOG_COMPILER_APPICON_NAME = AppIcon;
				ASSETCATALOG_COMPILER_GLOBAL_ACCENT_COLOR_NAME = AccentColor;
				CODE_SIGN_STYLE = Automatic;
				CURRENT_PROJECT_VERSION = 1;
				DEVELOPMENT_TEAM = 2JBK7N75S7;
				GENERATE_INFOPLIST_FILE = YES;
				INFOPLIST_FILE = "O-G-Market/SupportingFiles/Info.plist";
				INFOPLIST_KEY_UIApplicationSupportsIndirectInputEvents = YES;
				INFOPLIST_KEY_UILaunchStoryboardName = LaunchScreen;
				INFOPLIST_KEY_UISupportedInterfaceOrientations = UIInterfaceOrientationPortrait;
				INFOPLIST_KEY_UISupportedInterfaceOrientations_iPad = "UIInterfaceOrientationPortrait UIInterfaceOrientationPortraitUpsideDown UIInterfaceOrientationLandscapeLeft UIInterfaceOrientationLandscapeRight";
				INFOPLIST_KEY_UISupportedInterfaceOrientations_iPhone = "UIInterfaceOrientationPortrait UIInterfaceOrientationLandscapeLeft UIInterfaceOrientationLandscapeRight";
				IPHONEOS_DEPLOYMENT_TARGET = 14.0;
				LD_RUNPATH_SEARCH_PATHS = (
					"$(inherited)",
					"@executable_path/Frameworks",
				);
				MARKETING_VERSION = 1.0;
				PRODUCT_BUNDLE_IDENTIFIER = "com.journey36.O-G-Market";
				PRODUCT_NAME = "$(TARGET_NAME)";
				SWIFT_EMIT_LOC_STRINGS = YES;
				SWIFT_VERSION = 5.0;
				TARGETED_DEVICE_FAMILY = 1;
			};
			name = Release;
		};
/* End XCBuildConfiguration section */

/* Begin XCConfigurationList section */
		3DD69B8B27642DD900F053E0 /* Build configuration list for PBXProject "O-G-Market" */ = {
			isa = XCConfigurationList;
			buildConfigurations = (
				3DD69BA227642DDA00F053E0 /* Debug */,
				3DD69BA327642DDA00F053E0 /* Release */,
			);
			defaultConfigurationIsVisible = 0;
			defaultConfigurationName = Release;
		};
		3DD69BA427642DDA00F053E0 /* Build configuration list for PBXNativeTarget "O-G-Market" */ = {
			isa = XCConfigurationList;
			buildConfigurations = (
				3DD69BA527642DDA00F053E0 /* Debug */,
				3DD69BA627642DDA00F053E0 /* Release */,
			);
			defaultConfigurationIsVisible = 0;
			defaultConfigurationName = Release;
		};
/* End XCConfigurationList section */

/* Begin XCRemoteSwiftPackageReference section */
		3DD69BDA27643E9100F053E0 /* XCRemoteSwiftPackageReference "SnapKit" */ = {
			isa = XCRemoteSwiftPackageReference;
			repositoryURL = "https://github.com/SnapKit/SnapKit";
			requirement = {
				kind = upToNextMajorVersion;
				minimumVersion = 5.0.0;
			};
		};
		3DD69BDD27643F0900F053E0 /* XCRemoteSwiftPackageReference "Alamofire" */ = {
			isa = XCRemoteSwiftPackageReference;
			repositoryURL = "https://github.com/Alamofire/Alamofire";
			requirement = {
				kind = upToNextMajorVersion;
				minimumVersion = 5.0.0;
			};
		};
/* End XCRemoteSwiftPackageReference section */

/* Begin XCSwiftPackageProductDependency section */
		3DD69BDB27643E9100F053E0 /* SnapKit */ = {
			isa = XCSwiftPackageProductDependency;
			package = 3DD69BDA27643E9100F053E0 /* XCRemoteSwiftPackageReference "SnapKit" */;
			productName = SnapKit;
		};
		3DD69BDE27643F0900F053E0 /* Alamofire */ = {
			isa = XCSwiftPackageProductDependency;
			package = 3DD69BDD27643F0900F053E0 /* XCRemoteSwiftPackageReference "Alamofire" */;
			productName = Alamofire;
		};
/* End XCSwiftPackageProductDependency section */
	};
	rootObject = 3DD69B8827642DD900F053E0 /* Project object */;
}
